[cu115]
[[cu115.package]]
name = "torch"
version = "1.11.0+cu115"
requires_python = ">=3.7.0"
summary = "Tensors and Dynamic neural networks in Python with strong GPU acceleration"
dependencies = [
    "typing-extensions",
]

[[cu115.package]]
name = "typing-extensions"
version = "4.5.0"
requires_python = ">=3.7"
summary = "Backported and Experimental Type Hints for Python 3.7+"

[cu115.metadata.files]
"torch 1.11.0+cu115" = [
    {url = "https://download.pytorch.org/whl/cu115/torch-1.11.0%2Bcu115-cp310-cp310-linux_x86_64.whl", hash = "sha256:4f287b35e4ac25589b1d86dc94cbf038048cea7aed547a6e7ba979915fa79d11"},
    {url = "https://download.pytorch.org/whl/cu115/torch-1.11.0%2Bcu115-cp310-cp310-win_amd64.whl", hash = "sha256:6c66502d4e30464abd8ede9b00ef85ac7eaf569bdf53663375a0ed3f49c4f1e5"},
    {url = "https://download.pytorch.org/whl/cu115/torch-1.11.0%2Bcu115-cp37-cp37m-linux_x86_64.whl", hash = "sha256:5dce0019d9e5ebca9abae69ef4f298c625b96175237e55e50c6eb33f2e6501a9"},
    {url = "https://download.pytorch.org/whl/cu115/torch-1.11.0%2Bcu115-cp37-cp37m-win_amd64.whl", hash = "sha256:84039bdc88d5aeb682338134c39bcf45cd3719ad0bc6f84ba69dc99d97765072"},
    {url = "https://download.pytorch.org/whl/cu115/torch-1.11.0%2Bcu115-cp38-cp38-linux_x86_64.whl", hash = "sha256:02779dc7c0cd188416496adb233ae9e3988a9aa73d9ebba3624507d0f2111f3c"},
    {url = "https://download.pytorch.org/whl/cu115/torch-1.11.0%2Bcu115-cp38-cp38-win_amd64.whl", hash = "sha256:b143f8a9a54c1e09e389e04f76fe9c4dd0c64c511eb784ce16ffee3c110e7131"},
    {url = "https://download.pytorch.org/whl/cu115/torch-1.11.0%2Bcu115-cp39-cp39-linux_x86_64.whl", hash = "sha256:eb81d067bbcfe844c95c5d27e26c97a96a893427cc468b2259eaf0ed93da1c7d"},
    {url = "https://download.pytorch.org/whl/cu115/torch-1.11.0%2Bcu115-cp39-cp39-win_amd64.whl", hash = "sha256:f67fbe8aa4e720077f0d34349228ecad58afd84395be437eedaa7b53d1baa3da"},
]
"typing-extensions 4.5.0" = [
    {url = "https://files.pythonhosted.org/packages/31/25/5abcd82372d3d4a3932e1fa8c3dbf9efac10cc7c0d16e78467460571b404/typing_extensions-4.5.0-py3-none-any.whl", hash = "sha256:fb33085c39dd998ac16d1431ebc293a8b3eedd00fd4a32de0ff79002c19511b4"},
    {url = "https://files.pythonhosted.org/packages/d3/20/06270dac7316220643c32ae61694e451c98f8caf4c8eab3aa80a2bedf0df/typing_extensions-4.5.0.tar.gz", hash = "sha256:5cb5f4a79139d699607b3ef622a1dedafa84e115ab0024e0d9c044a9479ca7cb"},
]

["rocm4.5.2"]
[["rocm4.5.2".package]]
name = "torch"
version = "1.11.0+rocm4.5.2"
requires_python = ">=3.7.0"
summary = "Tensors and Dynamic neural networks in Python with strong GPU acceleration"
dependencies = [
    "typing-extensions",
]

[["rocm4.5.2".package]]
name = "typing-extensions"
version = "4.5.0"
requires_python = ">=3.7"
summary = "Backported and Experimental Type Hints for Python 3.7+"

["rocm4.5.2".metadata.files]
"torch 1.11.0+rocm4.5.2" = [
    {url = "https://download.pytorch.org/whl/rocm4.5.2/torch-1.11.0%2Brocm4.5.2-cp310-cp310-linux_x86_64.whl", hash = "sha256:43511bafbd4b865c55ad844e294060dc7d6873acd40f3a7f66acd127c56cc046"},
    {url = "https://download.pytorch.org/whl/rocm4.5.2/torch-1.11.0%2Brocm4.5.2-cp37-cp37m-linux_x86_64.whl", hash = "sha256:a9699850b26a46b275cd490a6b79dbfc77836593ecdb8f0643015b0a0b64e86f"},
    {url = "https://download.pytorch.org/whl/rocm4.5.2/torch-1.11.0%2Brocm4.5.2-cp38-cp38-linux_x86_64.whl", hash = "sha256:bfb5045cbb7f48e9f1cd5319fa50b9ab85cc15ce9c3000f8f7a7c4c319ae248c"},
    {url = "https://download.pytorch.org/whl/rocm4.5.2/torch-1.11.0%2Brocm4.5.2-cp39-cp39-linux_x86_64.whl", hash = "sha256:40ed5e50ed18fde3688b035b2a62d0c0d1bd37b01ab99053165a513baeadade8"},
]
"typing-extensions 4.5.0" = [
    {url = "https://files.pythonhosted.org/packages/31/25/5abcd82372d3d4a3932e1fa8c3dbf9efac10cc7c0d16e78467460571b404/typing_extensions-4.5.0-py3-none-any.whl", hash = "sha256:fb33085c39dd998ac16d1431ebc293a8b3eedd00fd4a32de0ff79002c19511b4"},
    {url = "https://files.pythonhosted.org/packages/d3/20/06270dac7316220643c32ae61694e451c98f8caf4c8eab3aa80a2bedf0df/typing_extensions-4.5.0.tar.gz", hash = "sha256:5cb5f4a79139d699607b3ef622a1dedafa84e115ab0024e0d9c044a9479ca7cb"},
]

[cpu]
[[cpu.package]]
name = "torch"
version = "1.11.0+cpu"
requires_python = ">=3.7.0"
summary = "Tensors and Dynamic neural networks in Python with strong GPU acceleration"
dependencies = [
    "typing-extensions",
]

[[cpu.package]]
name = "typing-extensions"
version = "4.5.0"
requires_python = ">=3.7"
summary = "Backported and Experimental Type Hints for Python 3.7+"

[cpu.metadata.files]
"torch 1.11.0+cpu" = [
    {url = "https://download.pytorch.org/whl/cpu/torch-1.11.0%2Bcpu-cp310-cp310-linux_x86_64.whl", hash = "sha256:32fa00d974707c0183bc4dd0c1d69e853d0f15cc60f157b71ac5718847808943"},
    {url = "https://download.pytorch.org/whl/cpu/torch-1.11.0%2Bcpu-cp310-cp310-win_amd64.whl", hash = "sha256:bd984fa8676b2f7c9611b40af3a7c168fb90be3e29028219f822696bb357f472"},
    {url = "https://download.pytorch.org/whl/cpu/torch-1.11.0%2Bcpu-cp37-cp37m-linux_x86_64.whl", hash = "sha256:50008b82004b9d91e036cc199a57f863b6f8978b8a222176f9a4435fce181dd8"},
    {url = "https://download.pytorch.org/whl/cpu/torch-1.11.0%2Bcpu-cp37-cp37m-win_amd64.whl", hash = "sha256:7bbd8b77a59e628a7cb84289a3a26adc7e28dd7213c7f666537f26e714fb1721"},
    {url = "https://download.pytorch.org/whl/cpu/torch-1.11.0%2Bcpu-cp38-cp38-linux_x86_64.whl", hash = "sha256:22997df8f3a3f9faed40ef9e7964d1869cafa0317cc4a5b115bfdf69323e8884"},
    {url = "https://download.pytorch.org/whl/cpu/torch-1.11.0%2Bcpu-cp38-cp38-win_amd64.whl", hash = "sha256:0dbdddc7452a2c42250df369e4968b62589ab0ac1b9d14e27701eb4fc3839ad1"},
    {url = "https://download.pytorch.org/whl/cpu/torch-1.11.0%2Bcpu-cp39-cp39-linux_x86_64.whl", hash = "sha256:544c13ef120531ec2f28a3c858c06e600d514a6dfe09b4dd6fd0262088dd2fa3"},
    {url = "https://download.pytorch.org/whl/cpu/torch-1.11.0%2Bcpu-cp39-cp39-win_amd64.whl", hash = "sha256:7198bf5c69464459bd79526c6a4eaad2806db886443ee2f4e8e7a492bccf03ef"},
    {url = "https://download.pytorch.org/whl/cpu/torch-1.11.0-cp310-none-macosx_10_9_x86_64.whl", hash = "sha256:5d77b5ece78fdafa5c7f42995ff9474399d22571cd6b2de21a5d666306a2ff8c"},
    {url = "https://download.pytorch.org/whl/cpu/torch-1.11.0-cp310-none-macosx_11_0_arm64.whl", hash = "sha256:b5a38682769b544c875ecc34bcb81fbad5c922139b61319aacffcfd8a32f528c"},
    {url = "https://download.pytorch.org/whl/cpu/torch-1.11.0-cp37-none-macosx_10_9_x86_64.whl", hash = "sha256:6860b1d1bf0bb0b67a6bd47f85a0e4c825b518eea13b5d6101999dbbcbd5bc0c"},
    {url = "https://download.pytorch.org/whl/cpu/torch-1.11.0-cp38-none-macosx_10_9_x86_64.whl", hash = "sha256:0ccc85cd06227a3edf809e2c795fd5762c3d4e8a38b5c9f744c6e7cf841361bb"},
    {url = "https://download.pytorch.org/whl/cpu/torch-1.11.0-cp38-none-macosx_11_0_arm64.whl", hash = "sha256:c1554e49d74f1b2c3e7202d77056ba2dd7465437585bac64062b580f714a44e9"},
    {url = "https://download.pytorch.org/whl/cpu/torch-1.11.0-cp39-none-macosx_10_9_x86_64.whl", hash = "sha256:50fd9bf85c578c871c28f1cb0ace9dfc6024401c7f399b174fb0f370899f4454"},
    {url = "https://download.pytorch.org/whl/cpu/torch-1.11.0-cp39-none-macosx_11_0_arm64.whl", hash = "sha256:0e48af66ad755f0f9c5f2664028a414f57c49d6adc37e77e06fe0004da4edb61"},
    {url = "https://download.pytorch.org/whl/torch-1.11.0-cp310-cp310-manylinux2014_aarch64.whl", hash = "sha256:866bfba29ac98dec35d893d8e17eaec149d0ac7a53be7baae5c98069897db667"},
    {url = "https://download.pytorch.org/whl/torch-1.11.0-cp37-cp37m-manylinux2014_aarch64.whl", hash = "sha256:b96654d42566080a134e784705f33f8536b3b95b5dcde357ed7879b1692a5f78"},
    {url = "https://download.pytorch.org/whl/torch-1.11.0-cp38-cp38-manylinux2014_aarch64.whl", hash = "sha256:e4d2e0ddd652f30e94cff750220324ec45705d4ecc69658f773b3cb1c7a28dd0"},
    {url = "https://download.pytorch.org/whl/torch-1.11.0-cp39-cp39-manylinux2014_aarch64.whl", hash = "sha256:831cf588f01dda9409e75576741d2823453990dee2983d670f2584b37a01adf7"},
    {url = "https://files.pythonhosted.org/packages/0f/34/c3fc160170e1af3a28df2c0fabc19e1ace66300b9a14b37b7d3b337531b0/torch-1.11.0-cp37-cp37m-manylinux2014_aarch64.whl", hash = "sha256:b96654d42566080a134e784705f33f8536b3b95b5dcde357ed7879b1692a5f78"},
    {url = "https://files.pythonhosted.org/packages/1d/38/b654e16f97be5985877056f5f13747cbd015a105ac092f8bf4ff6ca03f6f/torch-1.11.0-cp37-cp37m-win_amd64.whl", hash = "sha256:8ee7c2e8d7f7020d5bfbc1bb91b9591044c26bbd0cee5e4f694cfd7ed8649260"},
    {url = "https://files.pythonhosted.org/packages/2b/5c/14f3d5bf876d4db062e20baa933dce98ab7dde6599f462099fa2f69cc7e0/torch-1.11.0-cp38-cp38-manylinux1_x86_64.whl", hash = "sha256:4322aa29f50da7f404db06cdf30896ea67b09f673af4a985afc7162bc897864d"},
    {url = "https://files.pythonhosted.org/packages/36/0f/91edc4a0342aa2388a1845484a134aa88730a8632cfe4ad6c761f4ff4114/torch-1.11.0-cp310-none-macosx_11_0_arm64.whl", hash = "sha256:b5a38682769b544c875ecc34bcb81fbad5c922139b61319aacffcfd8a32f528c"},
    {url = "https://files.pythonhosted.org/packages/76/96/3fd30662981043ac6fa1dc4f2cf8f5fa5401cc125ff7b7bf1536eae5db28/torch-1.11.0-cp310-cp310-manylinux1_x86_64.whl", hash = "sha256:62052b50fffc29ca7afc0c04ef8206b6f1ca9d10629cb543077e12967e8d0398"},
    {url = "https://files.pythonhosted.org/packages/79/df/c5ac776569d658eeec99bb8cf908c17ff7e89d15dc5d94ba5ec6df6b3e55/torch-1.11.0-cp38-none-macosx_10_9_x86_64.whl", hash = "sha256:0ccc85cd06227a3edf809e2c795fd5762c3d4e8a38b5c9f744c6e7cf841361bb"},
    {url = "https://files.pythonhosted.org/packages/7c/bc/c5ada769b0f31ca1b7f05e15575703641d648100ac432a182e350076e64d/torch-1.11.0-cp38-none-macosx_11_0_arm64.whl", hash = "sha256:c1554e49d74f1b2c3e7202d77056ba2dd7465437585bac64062b580f714a44e9"},
    {url = "https://files.pythonhosted.org/packages/87/ac/31d233b21345c4f713109e5e933a5a99473d31049c03f004ffb6cc24785d/torch-1.11.0-cp310-none-macosx_10_9_x86_64.whl", hash = "sha256:5d77b5ece78fdafa5c7f42995ff9474399d22571cd6b2de21a5d666306a2ff8c"},
    {url = "https://files.pythonhosted.org/packages/8e/14/e995722459b6780817e94b4cc2a7ed71a1ead209e0d4052ba4eea224e4a8/torch-1.11.0-cp38-cp38-manylinux2014_aarch64.whl", hash = "sha256:e4d2e0ddd652f30e94cff750220324ec45705d4ecc69658f773b3cb1c7a28dd0"},
    {url = "https://files.pythonhosted.org/packages/94/32/96a0955e5d6ed8a837eda5ca095dd2694c4617cfa70ca599660cd5ff7447/torch-1.11.0-cp37-cp37m-manylinux1_x86_64.whl", hash = "sha256:f82d77695a60626f2b7382d85bc566de8a6b3e50d32080755abc040db802e419"},
    {url = "https://files.pythonhosted.org/packages/b2/11/72b6ba00907441486dbb58df9ab7b667f0f51de75a3904261e70e85a3f06/torch-1.11.0-cp310-cp310-manylinux2014_aarch64.whl", hash = "sha256:866bfba29ac98dec35d893d8e17eaec149d0ac7a53be7baae5c98069897db667"},
    {url = "https://files.pythonhosted.org/packages/c2/18/fa0b20ba0e67c2c2b8128330086c39c2b2afc296434eb13cd07bfcce6c45/torch-1.11.0-cp37-none-macosx_10_9_x86_64.whl", hash = "sha256:6860b1d1bf0bb0b67a6bd47f85a0e4c825b518eea13b5d6101999dbbcbd5bc0c"},
    {url = "https://files.pythonhosted.org/packages/c7/56/52a05ec2ad6c58472a768351a6ea4b600c532a3f46dde57fe2aaa14bfbd1/torch-1.11.0-cp39-cp39-win_amd64.whl", hash = "sha256:44a1d02fd20f827f0f36dc26fdcfc45e793806a6ad52769a22260655a77a4369"},
    {url = "https://files.pythonhosted.org/packages/cf/9a/8d80deb5d2e9e17933f5dfe717a42a7608dc0e6799f7a7a0de3f7d7093d7/torch-1.11.0-cp39-cp39-manylinux2014_aarch64.whl", hash = "sha256:831cf588f01dda9409e75576741d2823453990dee2983d670f2584b37a01adf7"},
    {url = "https://files.pythonhosted.org/packages/ea/50/f249331269934c911a47846ccd9315f7a63941300b832d887956f60c249b/torch-1.11.0-cp310-cp310-win_amd64.whl", hash = "sha256:951640fb8db308a59d9b510e7d1ad910aff92913323bbe4bc75435347ddd346d"},
    {url = "https://files.pythonhosted.org/packages/ec/bc/5e2b92f471496da1629e156553c8d92e0df667743f3128dd5e4db287ddb9/torch-1.11.0-cp39-none-macosx_11_0_arm64.whl", hash = "sha256:0e48af66ad755f0f9c5f2664028a414f57c49d6adc37e77e06fe0004da4edb61"},
    {url = "https://files.pythonhosted.org/packages/f8/04/ebf936e02d37c185341558de73324c6511d7fb7578cb1c3439411475fd7e/torch-1.11.0-cp39-cp39-manylinux1_x86_64.whl", hash = "sha256:58c7814502b1c129a650d7092033bbb0bbd64faf1a7941631aaa1aeaddc37570"},
    {url = "https://files.pythonhosted.org/packages/fb/1b/cb472a0e2bdb298bb85e1b239883fbd994660f45e50a4c4fba8dc080f47e/torch-1.11.0-cp38-cp38-win_amd64.whl", hash = "sha256:34ce5ea4d8d85da32cdbadb50d4585106901e9f8a3527991daa70c13a09de1f7"},
    {url = "https://files.pythonhosted.org/packages/fe/6f/9d42e62cbd28e69fef578f8c4a1d33a4716d378dbc7ae720d211b28dc81a/torch-1.11.0-cp39-none-macosx_10_9_x86_64.whl", hash = "sha256:50fd9bf85c578c871c28f1cb0ace9dfc6024401c7f399b174fb0f370899f4454"},
]
"typing-extensions 4.5.0" = [
    {url = "https://files.pythonhosted.org/packages/31/25/5abcd82372d3d4a3932e1fa8c3dbf9efac10cc7c0d16e78467460571b404/typing_extensions-4.5.0-py3-none-any.whl", hash = "sha256:fb33085c39dd998ac16d1431ebc293a8b3eedd00fd4a32de0ff79002c19511b4"},
    {url = "https://files.pythonhosted.org/packages/d3/20/06270dac7316220643c32ae61694e451c98f8caf4c8eab3aa80a2bedf0df/typing_extensions-4.5.0.tar.gz", hash = "sha256:5cb5f4a79139d699607b3ef622a1dedafa84e115ab0024e0d9c044a9479ca7cb"},
]

[metadata]
lock_version = "4.1"
content_hash = "sha256:ad17fba1153ad48e2bd667251a58f05c2e7fe2943ad0bdd4ea62912032bc9e33"

