[cu116]
[[cu116.package]]
name = "torch"
version = "1.12.0+cu116"
requires_python = ">=3.7.0"
summary = "Tensors and Dynamic neural networks in Python with strong GPU acceleration"
dependencies = [
    "typing-extensions",
]

[[cu116.package]]
name = "typing-extensions"
version = "4.7.1"
requires_python = ">=3.7"
summary = "Backported and Experimental Type Hints for Python 3.7+"

[cu116.metadata.files]
"torch 1.12.0+cu116" = [
    {url = "https://download.pytorch.org/whl/cu116/torch-1.12.0%2Bcu116-cp310-cp310-linux_x86_64.whl", hash = "sha256:74f5b137190a6face6859d630f129289e7fae6a4d9a747430b3b5d5c6297a3ae"},
    {url = "https://download.pytorch.org/whl/cu116/torch-1.12.0%2Bcu116-cp310-cp310-win_amd64.whl", hash = "sha256:97d63afcb6358071737f8325aa933e9db2f30cd2f068591d27d4ea72f3cabad2"},
    {url = "https://download.pytorch.org/whl/cu116/torch-1.12.0%2Bcu116-cp37-cp37m-linux_x86_64.whl", hash = "sha256:f772be831447dd01ebd26cbedf619e668d1b269d69bf6b4ff46b1378362bff26"},
    {url = "https://download.pytorch.org/whl/cu116/torch-1.12.0%2Bcu116-cp37-cp37m-win_amd64.whl", hash = "sha256:7ee1899e9afe5f5e35ba46bc70e17735d2c02cedede1fa69a288cc680b5ab3db"},
    {url = "https://download.pytorch.org/whl/cu116/torch-1.12.0%2Bcu116-cp38-cp38-linux_x86_64.whl", hash = "sha256:1d9557d1e871794a31a71c40dec8589d6c3347f3f2953a8dd74cfd58e1ecb52e"},
    {url = "https://download.pytorch.org/whl/cu116/torch-1.12.0%2Bcu116-cp38-cp38-win_amd64.whl", hash = "sha256:72538e4505087668a4642f861578dfed470fae5da20b1758b0f34e4a070d6b21"},
    {url = "https://download.pytorch.org/whl/cu116/torch-1.12.0%2Bcu116-cp39-cp39-linux_x86_64.whl", hash = "sha256:7665e906995328746c6f70016ee90cafe50cbf434b6ef576e1de2678929ee63e"},
    {url = "https://download.pytorch.org/whl/cu116/torch-1.12.0%2Bcu116-cp39-cp39-win_amd64.whl", hash = "sha256:aa43d7b54b86f723f17c5c44df1078c59a6149fc4d42fbef08aafab9d61451c9"},
]
"typing-extensions 4.7.1" = [
    {url = "https://files.pythonhosted.org/packages/3c/8b/0111dd7d6c1478bf83baa1cab85c686426c7a6274119aceb2bd9d35395ad/typing_extensions-4.7.1.tar.gz", hash = "sha256:b75ddc264f0ba5615db7ba217daeb99701ad295353c45f9e95963337ceeeffb2"},
    {url = "https://files.pythonhosted.org/packages/ec/6b/63cc3df74987c36fe26157ee12e09e8f9db4de771e0f3404263117e75b95/typing_extensions-4.7.1-py3-none-any.whl", hash = "sha256:440d5dd3af93b060174bf433bccd69b0babc3b15b1a8dca43789fd7f61514b36"},
]

[cpu]
[[cpu.package]]
name = "torch"
version = "1.12.0+cpu"
requires_python = ">=3.7.0"
summary = "Tensors and Dynamic neural networks in Python with strong GPU acceleration"
dependencies = [
    "typing-extensions",
]

[[cpu.package]]
name = "typing-extensions"
version = "4.7.1"
requires_python = ">=3.7"
summary = "Backported and Experimental Type Hints for Python 3.7+"

[cpu.metadata.files]
"torch 1.12.0+cpu" = [
    {url = "https://download.pytorch.org/whl/cpu/torch-1.12.0%2Bcpu-cp310-cp310-linux_x86_64.whl", hash = "sha256:37f14f640b91effe41db244b932c2dd697ca2b51ae241a534259b9d9f7f51f6f"},
    {url = "https://download.pytorch.org/whl/cpu/torch-1.12.0%2Bcpu-cp310-cp310-win_amd64.whl", hash = "sha256:69afe17ea3f1bd3dd5c88ede3e275c7395463293739965e9b206f94c575d8c99"},
    {url = "https://download.pytorch.org/whl/cpu/torch-1.12.0%2Bcpu-cp37-cp37m-linux_x86_64.whl", hash = "sha256:ed618d8aec7c4d46edd05fb064b2712f039b418e414a83acb959596cdf80423c"},
    {url = "https://download.pytorch.org/whl/cpu/torch-1.12.0%2Bcpu-cp37-cp37m-win_amd64.whl", hash = "sha256:98993de211242593626a236ee31686b2dc31b6fe564ce10a4047167b9c3eb2f5"},
    {url = "https://download.pytorch.org/whl/cpu/torch-1.12.0%2Bcpu-cp38-cp38-linux_x86_64.whl", hash = "sha256:6fa9e60fed5c7d7738e49e343aa1c3849ba4f3bd4da661a146d86f253e5e43cb"},
    {url = "https://download.pytorch.org/whl/cpu/torch-1.12.0%2Bcpu-cp38-cp38-win_amd64.whl", hash = "sha256:133023854509dd84d7ccefd99d1e9c07c392efef48c574ef6f798933c284dd6a"},
    {url = "https://download.pytorch.org/whl/cpu/torch-1.12.0%2Bcpu-cp39-cp39-linux_x86_64.whl", hash = "sha256:2f15f6bfcc3bca61e9b7acead9b47e6ee848c3523dedfcff3efbdd07ae6777ed"},
    {url = "https://download.pytorch.org/whl/cpu/torch-1.12.0%2Bcpu-cp39-cp39-win_amd64.whl", hash = "sha256:733ebe15f94edda67286b0284921b513940024d9c1943ba4122cdae4959de6e6"},
    {url = "https://download.pytorch.org/whl/cpu/torch-1.12.0-cp310-cp310-manylinux2014_aarch64.whl", hash = "sha256:2568f011dddeb5990d8698cc375d237f14568ffa8489854e3b94113b4b6b7c8b"},
    {url = "https://download.pytorch.org/whl/cpu/torch-1.12.0-cp310-none-macosx_10_9_x86_64.whl", hash = "sha256:74e3437f607a920f343665cd0c9713bfdd80c67b740dad7cc91b3f2e1edbf03e"},
    {url = "https://download.pytorch.org/whl/cpu/torch-1.12.0-cp310-none-macosx_11_0_arm64.whl", hash = "sha256:13c7cca6b2ea3704d775444f02af53c5f072d145247e17b8cd7813ac57869f03"},
    {url = "https://download.pytorch.org/whl/cpu/torch-1.12.0-cp37-cp37m-manylinux2014_aarch64.whl", hash = "sha256:a1325c9c28823af497cbf443369bddac9ac59f67f1e600f8ab9b754958e55b76"},
    {url = "https://download.pytorch.org/whl/cpu/torch-1.12.0-cp37-none-macosx_10_9_x86_64.whl", hash = "sha256:67e52776f002cf8434bc813bad393052d887198f4763dc4a8703106aee59fa3e"},
    {url = "https://download.pytorch.org/whl/cpu/torch-1.12.0-cp37-none-macosx_11_0_arm64.whl", hash = "sha256:72207b8733523388c49d43ffcc4416d1d8cd64c40f7826332e714605ace9b1d2"},
    {url = "https://download.pytorch.org/whl/cpu/torch-1.12.0-cp38-cp38-manylinux2014_aarch64.whl", hash = "sha256:0399746f83b4541bcb5b219a18dbe8cade760aba1c660d2748a38c6dc338ebc7"},
    {url = "https://download.pytorch.org/whl/cpu/torch-1.12.0-cp38-none-macosx_10_9_x86_64.whl", hash = "sha256:acca524276ec16248e7d599d910ec4b9c896d0ecd990d32ee2bf524c5364603b"},
    {url = "https://download.pytorch.org/whl/cpu/torch-1.12.0-cp38-none-macosx_11_0_arm64.whl", hash = "sha256:44a3804e9bb189574f5d02ccc2dc6e32e26a81b3e095463b7067b786048c6072"},
    {url = "https://download.pytorch.org/whl/cpu/torch-1.12.0-cp39-cp39-manylinux2014_aarch64.whl", hash = "sha256:63341f96840a223f277e498d2737b39da30d9f57c7a1ef88857b920096317739"},
    {url = "https://download.pytorch.org/whl/cpu/torch-1.12.0-cp39-none-macosx_10_9_x86_64.whl", hash = "sha256:ddb992f792ec2e7bccf9ea9a57339aaa80747059ffb7d0c793701b75d1fb4845"},
    {url = "https://download.pytorch.org/whl/cpu/torch-1.12.0-cp39-none-macosx_11_0_arm64.whl", hash = "sha256:5ed69d5af232c5c3287d44cef998880dadcc9721cd020e9ae02f42e56b79c2e4"},
    {url = "https://download.pytorch.org/whl/torch-1.12.0-cp310-cp310-manylinux2014_aarch64.whl", hash = "sha256:2568f011dddeb5990d8698cc375d237f14568ffa8489854e3b94113b4b6b7c8b"},
    {url = "https://download.pytorch.org/whl/torch-1.12.0-cp37-cp37m-manylinux2014_aarch64.whl", hash = "sha256:a1325c9c28823af497cbf443369bddac9ac59f67f1e600f8ab9b754958e55b76"},
    {url = "https://download.pytorch.org/whl/torch-1.12.0-cp38-cp38-manylinux2014_aarch64.whl", hash = "sha256:0399746f83b4541bcb5b219a18dbe8cade760aba1c660d2748a38c6dc338ebc7"},
    {url = "https://download.pytorch.org/whl/torch-1.12.0-cp39-cp39-manylinux2014_aarch64.whl", hash = "sha256:63341f96840a223f277e498d2737b39da30d9f57c7a1ef88857b920096317739"},
    {url = "https://files.pythonhosted.org/packages/09/e0/03c31c44805679550fce01bb1de47b32aab06e677c8afc5c91bc2fd68e7c/torch-1.12.0-cp37-cp37m-manylinux1_x86_64.whl", hash = "sha256:60d06ee2abfa85f10582d205404d52889d69bcbb71f7e211cfc37e3957ac19ca"},
    {url = "https://files.pythonhosted.org/packages/28/26/e265afe2ba66ff95849783261ae213c66556573d8bffd9802ae44eeda9e7/torch-1.12.0-cp39-none-macosx_10_9_x86_64.whl", hash = "sha256:c0313438bc36448ffd209f5fb4e5f325b3af158cdf61c8829b8ddaf128c57816"},
    {url = "https://files.pythonhosted.org/packages/39/46/5bd0729de7dca1917274ed4b423e5dfa2b3bdb6d8253e75d133f1a63b3b5/torch-1.12.0-cp37-cp37m-manylinux2014_aarch64.whl", hash = "sha256:a1325c9c28823af497cbf443369bddac9ac59f67f1e600f8ab9b754958e55b76"},
    {url = "https://files.pythonhosted.org/packages/52/c2/323619638a1154da0a134297a4cc1c46df4142e9fd553370301937e21fcb/torch-1.12.0-cp310-cp310-manylinux1_x86_64.whl", hash = "sha256:3322d33a06e440d715bb214334bd41314c94632d9a2f07d22006bf21da3a2be4"},
    {url = "https://files.pythonhosted.org/packages/5a/d5/e29e92ab033fb6ea1c9103f943549291df59b78dac8079312bb7a93d1b7d/torch-1.12.0-cp38-cp38-manylinux2014_aarch64.whl", hash = "sha256:0399746f83b4541bcb5b219a18dbe8cade760aba1c660d2748a38c6dc338ebc7"},
    {url = "https://files.pythonhosted.org/packages/5a/e8/82c14c28360dafe02877b28c70218c8b6ca8a0f2fbb0515b2abd027ca251/torch-1.12.0-cp310-none-macosx_11_0_arm64.whl", hash = "sha256:13c7cca6b2ea3704d775444f02af53c5f072d145247e17b8cd7813ac57869f03"},
    {url = "https://files.pythonhosted.org/packages/5d/2d/6a319cd56da3bb40ed9448f97bf9e61c6b14c5d1460f85e608da904ac172/torch-1.12.0-cp37-none-macosx_10_9_x86_64.whl", hash = "sha256:abbdc5483359b9495dc76e3bd7911ccd2ddc57706c117f8316832e31590af871"},
    {url = "https://files.pythonhosted.org/packages/76/4b/0a527d9c8f8e1890591bf5addd9e20b52a0b09b2098e8b4fb556ccf5225b/torch-1.12.0-cp310-none-macosx_10_9_x86_64.whl", hash = "sha256:349ea3ba0c0e789e0507876c023181f13b35307aebc2e771efd0e045b8e03e84"},
    {url = "https://files.pythonhosted.org/packages/7c/05/98e23a1b739c2286c9bdcd1160b3446b64560130fc8f766f55ec5ca05392/torch-1.12.0-cp39-none-macosx_11_0_arm64.whl", hash = "sha256:5ed69d5af232c5c3287d44cef998880dadcc9721cd020e9ae02f42e56b79c2e4"},
    {url = "https://files.pythonhosted.org/packages/86/c3/30eb447a38bb73d57883ec0941e213249b2001d78332a3026351e0ee8d1f/torch-1.12.0-cp38-cp38-manylinux1_x86_64.whl", hash = "sha256:0986685f2ec8b7c4d3593e8cfe96be85d462943f1a8f54112fc48d4d9fbbe903"},
    {url = "https://files.pythonhosted.org/packages/8f/27/addb0019d7aa3704576ca9c055f7566a3db31f95110e55b31173b87aec4a/torch-1.12.0-cp39-cp39-manylinux1_x86_64.whl", hash = "sha256:844f1db41173b53fe40c44b3e04fcca23a6ce00ac328b7099f2800e611766845"},
    {url = "https://files.pythonhosted.org/packages/93/f2/49064a51408aa6b249ffb3d4f5d2b87600637b0778117e0d9d7f483309cd/torch-1.12.0-cp38-none-macosx_11_0_arm64.whl", hash = "sha256:44a3804e9bb189574f5d02ccc2dc6e32e26a81b3e095463b7067b786048c6072"},
    {url = "https://files.pythonhosted.org/packages/94/53/3ee8fed5449e108a7ddfe7a89736e2998461f9778c889737eab43aa24a56/torch-1.12.0-cp38-none-macosx_10_9_x86_64.whl", hash = "sha256:2143d5fe192fd908b70b494349de5b1ac02854a8a902bd5f47d13d85b410e430"},
    {url = "https://files.pythonhosted.org/packages/a1/39/b2080f1a03618f0c16fdaccc7f25f5522cf267525c684e136cd25f72b613/torch-1.12.0-cp38-cp38-win_amd64.whl", hash = "sha256:7ddb167827170c4e3ff6a27157414a00b9fef93dea175da04caf92a0619b7aee"},
    {url = "https://files.pythonhosted.org/packages/a4/4f/d8245c749b90e643fa06547c0aa36698507597b24d501c22e5bba4fb31a8/torch-1.12.0-cp39-cp39-win_amd64.whl", hash = "sha256:201abf43a99bb4980cc827dd4b38ac28f35e4dddac7832718be3d5479cafd2c1"},
    {url = "https://files.pythonhosted.org/packages/a8/54/af39450ee79c9bfe8db0754354cb490a6fd04a44f95c2622b00e019d1606/torch-1.12.0-cp310-cp310-manylinux2014_aarch64.whl", hash = "sha256:2568f011dddeb5990d8698cc375d237f14568ffa8489854e3b94113b4b6b7c8b"},
    {url = "https://files.pythonhosted.org/packages/a9/fc/b23d2805c9dad3f6a16d9caf125d28078fb6b5c2f7e6394c3381c116a8ca/torch-1.12.0-cp39-cp39-manylinux2014_aarch64.whl", hash = "sha256:63341f96840a223f277e498d2737b39da30d9f57c7a1ef88857b920096317739"},
    {url = "https://files.pythonhosted.org/packages/bc/2f/0114d981300640fce74b6815fdf96c68e4ea362db59bea501180474dadfe/torch-1.12.0-cp37-none-macosx_11_0_arm64.whl", hash = "sha256:72207b8733523388c49d43ffcc4416d1d8cd64c40f7826332e714605ace9b1d2"},
    {url = "https://files.pythonhosted.org/packages/c6/d6/81230cb26d5b83cd0d17a7fdf875c62d3dc1c116723c9c75dfe3d65b1a12/torch-1.12.0-cp310-cp310-win_amd64.whl", hash = "sha256:e3e8348edca3e3cee5a67a2b452b85c57712efe1cc3ffdb87c128b3dde54534e"},
    {url = "https://files.pythonhosted.org/packages/e2/94/6d8ff9dab8b9b88efd233890c4e494cc1084268e06b7791af440be5a8f6b/torch-1.12.0-cp37-cp37m-win_amd64.whl", hash = "sha256:fb47291596677570246d723ee6abbcbac07eeba89d8f83de31e3954f21f44879"},
]
"typing-extensions 4.7.1" = [
    {url = "https://files.pythonhosted.org/packages/3c/8b/0111dd7d6c1478bf83baa1cab85c686426c7a6274119aceb2bd9d35395ad/typing_extensions-4.7.1.tar.gz", hash = "sha256:b75ddc264f0ba5615db7ba217daeb99701ad295353c45f9e95963337ceeeffb2"},
    {url = "https://files.pythonhosted.org/packages/ec/6b/63cc3df74987c36fe26157ee12e09e8f9db4de771e0f3404263117e75b95/typing_extensions-4.7.1-py3-none-any.whl", hash = "sha256:440d5dd3af93b060174bf433bccd69b0babc3b15b1a8dca43789fd7f61514b36"},
]

[metadata]
lock_version = "4.2"
groups = ["default", "atari", "ci", "docs", "tools", "torch", "wandb"]
content_hash = "sha256:ee4a5d3bf3b1d8adac1d88f667f5dafb156b47292c61b8df54987f14d1b99e24"

