// This lockfile was autogenerated by Pants. To regenerate, run:
//
//    pants generate-lockfiles --resolve=docformatter
//
// --- BEGIN PANTS LOCKFILE METADATA: DO NOT EDIT OR REMOVE ---
// {
//   "version": 3,
//   "valid_for_interpreter_constraints": [
//     "CPython<3.11,>=3.10"
//   ],
//   "generated_with_requirements": [
//     "docformatter[tomli]"
//   ],
//   "manylinux": "manylinux2014",
//   "requirement_constraints": [],
//   "only_binary": [],
//   "no_binary": []
// }
// --- END PANTS LOCKFILE METADATA ---

{
  "allow_builds": true,
  "allow_prereleases": false,
  "allow_wheels": true,
  "build_isolation": true,
  "constraints": [],
  "locked_resolves": [
    {
      "locked_requirements": [
        {
          "artifacts": [
            {
              "algorithm": "sha256",
              "hash": "3e4d1f6587322d2788836a99c69062fbb091331ec940e02d12d179c1d53e25fc",
              "url": "https://files.pythonhosted.org/packages/28/76/e6222113b83e3622caa4bb41032d0b1bf785250607392e1b778aca0b8a7d/charset_normalizer-3.3.2-py3-none-any.whl"
            },
            {
              "algorithm": "sha256",
              "hash": "1d3193f4a680c64b4b6a9115943538edb896edc190f0b222e73761716519268e",
              "url": "https://files.pythonhosted.org/packages/05/8c/eb854996d5fef5e4f33ad56927ad053d04dc820e4a3d39023f35cad72617/charset_normalizer-3.3.2-cp310-cp310-manylinux_2_17_ppc64le.manylinux2014_ppc64le.whl"
            },
            {
              "algorithm": "sha256",
              "hash": "25baf083bf6f6b341f4121c2f3c548875ee6f5339300e08be3f2b2ba1721cdd3",
              "url": "https://files.pythonhosted.org/packages/2b/61/095a0aa1a84d1481998b534177c8566fdc50bb1233ea9a0478cd3cc075bd/charset_normalizer-3.3.2-cp310-cp310-macosx_10_9_universal2.whl"
            },
            {
              "algorithm": "sha256",
              "hash": "beb58fe5cdb101e3a055192ac291b7a21e3b7ef4f67fa1d74e331a7f2124341c",
              "url": "https://files.pythonhosted.org/packages/33/c3/3b96a435c5109dd5b6adc8a59ba1d678b302a97938f032e3770cc84cd354/charset_normalizer-3.3.2-cp310-cp310-musllinux_1_1_aarch64.whl"
            },
            {
              "algorithm": "sha256",
              "hash": "a9a8e9031d613fd2009c182b69c7b2c1ef8239a0efb1df3f7c8da66d5dd3d537",
              "url": "https://files.pythonhosted.org/packages/3f/ba/3f5e7be00b215fa10e13d64b1f6237eb6ebea66676a41b2bcdd09fe74323/charset_normalizer-3.3.2-cp310-cp310-manylinux_2_5_i686.manylinux1_i686.manylinux_2_17_i686.manylinux2014_i686.whl"
            },
            {
              "algorithm": "sha256",
              "hash": "e06ed3eb3218bc64786f7db41917d4e686cc4856944f53d5bdf83a6884432e12",
              "url": "https://files.pythonhosted.org/packages/43/05/3bf613e719efe68fb3a77f9c536a389f35b95d75424b96b426a47a45ef1d/charset_normalizer-3.3.2-cp310-cp310-musllinux_1_1_i686.whl"
            },
            {
              "algorithm": "sha256",
              "hash": "9063e24fdb1e498ab71cb7419e24622516c4a04476b17a2dab57e8baa30d6e03",
              "url": "https://files.pythonhosted.org/packages/46/6a/d5c26c41c49b546860cc1acabdddf48b0b3fb2685f4f5617ac59261b44ae/charset_normalizer-3.3.2-cp310-cp310-macosx_11_0_arm64.whl"
            },
            {
              "algorithm": "sha256",
              "hash": "2e81c7b9c8979ce92ed306c249d46894776a909505d8f5a4ba55b14206e3222f",
              "url": "https://files.pythonhosted.org/packages/58/78/a0bc646900994df12e07b4ae5c713f2b3e5998f58b9d3720cce2aa45652f/charset_normalizer-3.3.2-cp310-cp310-musllinux_1_1_ppc64le.whl"
            },
            {
              "algorithm": "sha256",
              "hash": "f30c3cb33b24454a82faecaf01b19c18562b1e89558fb6c56de4d9118a032fd5",
              "url": "https://files.pythonhosted.org/packages/63/09/c1bc53dab74b1816a00d8d030de5bf98f724c52c1635e07681d312f20be8/charset-normalizer-3.3.2.tar.gz"
            },
            {
              "algorithm": "sha256",
              "hash": "fd1abc0d89e30cc4e02e4064dc67fcc51bd941eb395c502aac3ec19fab46b519",
              "url": "https://files.pythonhosted.org/packages/a8/31/47d018ef89f95b8aded95c589a77c072c55e94b50a41aa99c0a2008a45a4/charset_normalizer-3.3.2-cp310-cp310-musllinux_1_1_x86_64.whl"
            },
            {
              "algorithm": "sha256",
              "hash": "6897af51655e3691ff853668779c7bad41579facacf5fd7253b0133308cf000d",
              "url": "https://files.pythonhosted.org/packages/b8/60/e2f67915a51be59d4539ed189eb0a2b0d292bf79270410746becb32bc2c3/charset_normalizer-3.3.2-cp310-cp310-manylinux_2_17_aarch64.manylinux2014_aarch64.whl"
            },
            {
              "algorithm": "sha256",
              "hash": "06435b539f889b1f6f4ac1758871aae42dc3a8c0e24ac9e60c2384973ad73027",
              "url": "https://files.pythonhosted.org/packages/cc/94/f7cf5e5134175de79ad2059edf2adce18e0685ebdb9227ff0139975d0e93/charset_normalizer-3.3.2-cp310-cp310-macosx_10_9_x86_64.whl"
            },
            {
              "algorithm": "sha256",
              "hash": "8465322196c8b4d7ab6d1e049e4c5cb460d0394da4a27d23cc242fbf0034b6b5",
              "url": "https://files.pythonhosted.org/packages/da/f1/3702ba2a7470666a62fd81c58a4c40be00670e5006a67f4d626e57f013ae/charset_normalizer-3.3.2-cp310-cp310-manylinux_2_17_x86_64.manylinux2014_x86_64.whl"
            },
            {
              "algorithm": "sha256",
              "hash": "572c3763a264ba47b3cf708a44ce965d98555f618ca42c926a9c1616d8f34269",
              "url": "https://files.pythonhosted.org/packages/eb/5c/97d97248af4920bc68687d9c3b3c0f47c910e21a8ff80af4565a576bd2f0/charset_normalizer-3.3.2-cp310-cp310-musllinux_1_1_s390x.whl"
            },
            {
              "algorithm": "sha256",
              "hash": "cd70574b12bb8a4d2aaa0094515df2463cb429d8536cfb6c7ce983246983e5a6",
              "url": "https://files.pythonhosted.org/packages/f6/93/bb6cbeec3bf9da9b2eba458c15966658d1daa8b982c642f81c93ad9b40e1/charset_normalizer-3.3.2-cp310-cp310-manylinux_2_17_s390x.manylinux2014_s390x.whl"
            }
          ],
          "project_name": "charset-normalizer",
          "requires_dists": [],
          "requires_python": ">=3.7.0",
          "version": "3.3.2"
        },
        {
          "artifacts": [
            {
              "algorithm": "sha256",
              "hash": "a24f5545ed1f30af00d106f5d85dc2fce4959295687c24c8f39f5263afaf9186",
              "url": "https://files.pythonhosted.org/packages/8b/95/568a2fca29df365b82012b09b64964a05f4f20ac83c2137b262f3fa3188f/docformatter-1.7.5-py3-none-any.whl"
            },
            {
              "algorithm": "sha256",
              "hash": "ffed3da0daffa2e77f80ccba4f0e50bfa2755e1c10e130102571c890a61b246e",
              "url": "https://files.pythonhosted.org/packages/f4/44/aba2c40cf796121b35835ea8c00bc5d93f2f70730eca53b36b8bbbfaefe1/docformatter-1.7.5.tar.gz"
            }
          ],
          "project_name": "docformatter",
          "requires_dists": [
            "charset_normalizer<4.0.0,>=3.0.0",
            "tomli<3.0.0,>=2.0.0; python_version < \"3.11\" and extra == \"tomli\"",
            "untokenize<0.2.0,>=0.1.1"
          ],
          "requires_python": "<4.0,>=3.7",
          "version": "1.7.5"
        },
        {
          "artifacts": [
            {
              "algorithm": "sha256",
              "hash": "939de3e7a6161af0c887ef91b7d41a53e7c5a1ca976325f429cb46ea9bc30ecc",
              "url": "https://files.pythonhosted.org/packages/97/75/10a9ebee3fd790d20926a90a2547f0bf78f371b2f13aa822c759680ca7b9/tomli-2.0.1-py3-none-any.whl"
            },
            {
              "algorithm": "sha256",
              "hash": "de526c12914f0c550d15924c62d72abc48d6fe7364aa87328337a31007fe8a4f",
              "url": "https://files.pythonhosted.org/packages/c0/3f/d7af728f075fb08564c5949a9c95e44352e23dee646869fa104a3b2060a3/tomli-2.0.1.tar.gz"
            }
          ],
          "project_name": "tomli",
          "requires_dists": [],
          "requires_python": ">=3.7",
          "version": "2.0.1"
        },
        {
          "artifacts": [
            {
              "algorithm": "sha256",
              "hash": "3865dbbbb8efb4bb5eaa72f1be7f3e0be00ea8b7f125c69cbd1f5fda926f37a2",
              "url": "https://files.pythonhosted.org/packages/f7/46/e7cea8159199096e1df52da20a57a6665da80c37fb8aeb848a3e47442c32/untokenize-0.1.1.tar.gz"
            }
          ],
          "project_name": "untokenize",
          "requires_dists": [],
          "requires_python": null,
          "version": "0.1.1"
        }
      ],
      "platform_tag": null
    }
  ],
  "only_builds": [],
  "only_wheels": [],
  "path_mappings": {},
  "pex_version": "2.3.1",
  "pip_version": "23.0.1",
  "prefer_older_binary": false,
  "requirements": [
    "docformatter[tomli]"
  ],
  "requires_python": [
    "<3.11,>=3.10"
  ],
  "resolver_version": "pip-2020-resolver",
  "style": "universal",
  "target_systems": [
    "linux",
    "mac"
  ],
  "transitive": true,
  "use_pep517": null
}
